
Microsoft Visual Studio Solution File, Format Version 12.00
# Visual Studio 2015
Project("{FAE04EC0-301F-11D3-BF4B-00C04F79EFBC}") = "Bubble Boy Trials.CSharp", "Bubble Boy Trials.CSharp.csproj", "{EDA70288-91AB-D05C-BDFC-DEC7A406CFBB}"
EndProject
Global
	GlobalSection(SolutionConfigurationPlatforms) = preSolution
		Debug|Any CPU = Debug|Any CPU
		Release|Any CPU = Release|Any CPU
	EndGlobalSection
	GlobalSection(ProjectConfigurationPlatforms) = postSolution
		{EDA70288-91AB-D05C-BDFC-DEC7A406CFBB}.Debug|Any CPU.ActiveCfg = Debug|Any CPU
		{EDA70288-91AB-D05C-BDFC-DEC7A406CFBB}.Debug|Any CPU.Build.0 = Debug|Any CPU
		{EDA70288-91AB-D05C-BDFC-DEC7A406CFBB}.Release|Any CPU.ActiveCfg = Release|Any CPU
		{EDA70288-91AB-D05C-BDFC-DEC7A406CFBB}.Release|Any CPU.Build.0 = Release|Any CPU
	EndGlobalSection
	GlobalSection(SolutionProperties) = preSolution
		HideSolutionNode = FALSE
	EndGlobalSection
EndGlobal
